# This file is autogenerated, do not edit; changes may be undone by the next 'dep ensure'.


[[projects]]
  name = "github.com/Microsoft/go-winio"
  packages = ["."]
  revision = "fff283ad5116362ca252298cfc9b95828956d85d"
  version = "v0.3.8"

[[projects]]
  name = "github.com/RoaringBitmap/roaring"
  packages = ["."]
  revision = "880a395a3f5d046d8487793e4901ef791fefedd1"

[[projects]]
  name = "github.com/Sirupsen/logrus"
  packages = ["."]
  revision = "0208149b40d863d2c1a2f8fe5753096a9cf2cc8b"
  version = "v0.11.4"

[[projects]]
  name = "github.com/containernetworking/plugins"
  packages = ["pkg/ns"]
  revision = "dd8ff8a5cf537dcfc705e14a1465f82817869bf9"
  version = "v0.7.0"

[[projects]]
  name = "github.com/docker/docker"
  packages = ["integration-cli/checker","pkg/longpath","pkg/mount","pkg/reexec","pkg/symlink","pkg/system"]
  revision = "65068ea4c0fdaf300d0c7a06b3478c6c1c6d4271"

[[projects]]
  name = "github.com/docker/go-units"
  packages = ["."]
  revision = "0dadbb0345b35ec7ef35e228dabb8de89a65bf52"
  version = "v0.3.2"

[[projects]]
  name = "github.com/glycerine/go-unsnap-stream"
  packages = ["."]
  revision = "87275cecd8e984c5875577d22da7ce8945df780e"

[[projects]]
  branch = "v1"
  name = "github.com/go-check/check"
  packages = ["."]
  revision = "20d25e2804050c1cd24a7eea1e7a6447dd0e74ec"

[[projects]]
  name = "github.com/gogo/protobuf"
  packages = ["gogoproto","proto","protoc-gen-gogo/descriptor","sortkeys","types"]
  revision = "342cbe0a04158f6dcb03ca0079991a51a4248c02"

[[projects]]
  branch = "master"
  name = "github.com/golang/glog"
  packages = ["."]
  revision = "23def4e6c14b4da8ac2ed8007337bc5eb5007998"

[[projects]]
  branch = "master"
  name = "github.com/golang/protobuf"
  packages = ["proto","ptypes","ptypes/any","ptypes/duration","ptypes/timestamp"]
  revision = "1e59b77b52bf8e4b449a57e6f79f21226d571845"

[[projects]]
  branch = "master"
  name = "github.com/golang/snappy"
  packages = ["."]
  revision = "553a641470496b2327abcac10b36396bd98e45c9"

[[projects]]
  branch = "master"
  name = "github.com/hashicorp/yamux"
  packages = ["."]
  revision = "683f49123a33db61abfb241b7ac5e4af4dc54d55"

[[projects]]
  name = "github.com/hyperhq/hypercontainer-utils"
  packages = ["hlog"]
  revision = "9b462cb04455a662375b79a676e9c20d219e48f5"

[[projects]]
  name = "github.com/kardianos/osext"
  packages = ["."]
  revision = "9b883c5eb462dd5cb1b0a7a104fe86bc6b9bd391"

[[projects]]
  name = "github.com/kata-containers/agent"
  packages = ["protocols/grpc"]
  revision = "827351a55b2886aa4ca4e663fab8e27a3bbb3a0b"

[[projects]]
  name = "github.com/kr/pty"
  packages = ["."]
  revision = "ce7fa45920dc37a92de8377972e52bc55ffa8d57"

[[projects]]
  name = "github.com/kubernetes-incubator/cri-o"
  packages = ["pkg/annotations"]
  revision = "814c6ab0913d827543696b366048056a31d9529c"
  version = "v1.9.0"

[[projects]]
  name = "github.com/mohae/deepcopy"
  packages = ["."]
  revision = "491d3605edfb866af34a48075bd4355ac1bf46ca"

[[projects]]
  branch = "master"
  name = "github.com/mschoch/smat"
  packages = ["."]
  revision = "90eadee771aeab36e8bf796039b8c261bebebe4f"

[[projects]]
  name = "github.com/opencontainers/runc"
  packages = ["libcontainer/system","libcontainer/utils"]
  revision = "429a5387123625040bacfbb60d96b1cbd02293ab"

[[projects]]
  name = "github.com/opencontainers/runtime-spec"
  packages = ["specs-go"]
  revision = "4e3b9264a330d094b0386c3703c5f379119711e8"
  version = "v1.0.1"

[[projects]]
  name = "github.com/philhofer/fwd"
  packages = ["."]
  revision = "98c11a7a6ec829d672b03833c3d69a7fae1ca972"

[[projects]]
  branch = "master"
  name = "github.com/rgbkrk/libvirt-go"
  packages = ["."]
  revision = "57a0dabced1462b94bafffa08b5a56c0a03b9d05"

[[projects]]
  name = "github.com/tinylib/msgp"
  packages = ["msgp"]
  revision = "362bfb3384d53ae4d5dd745983a4d70b6d23628c"

[[projects]]
  name = "github.com/urfave/cli"
  packages = ["."]
  revision = "d70f47eeca3afd795160003bc6e28b001d60c67c"

[[projects]]
  name = "github.com/vdemeester/shakers"
  packages = ["."]
  revision = "24d7f1d6a71aa5d9cbe7390e4afb66b7eef9e1b3"
  version = "v0.1.0"

[[projects]]
  name = "github.com/vishvananda/netlink"
  packages = [".","nl"]
  revision = "fe3b5664d23a11b52ba59bece4ff29c52772a56b"

[[projects]]
  name = "github.com/vishvananda/netns"
  packages = ["."]
  revision = "54f0e4339ce73702a0607f49922aaa1e749b418d"

[[projects]]
  name = "github.com/willf/bitset"
  packages = ["."]
  revision = "5c3c0fce48842b2c0bbaa99b4e61b0175d84b47c"

[[projects]]
  name = "golang.org/x/net"
  packages = ["context","http2","http2/hpack","idna","internal/timeseries","lex/httplex","trace"]
  revision = "a8b9294777976932365dabb6640cf1468d95c70f"

[[projects]]
  name = "golang.org/x/sys"
  packages = ["unix","windows"]
  revision = "d8f5ea21b9295e315e612b4bcf4bedea93454d4d"

[[projects]]
  branch = "master"
  name = "golang.org/x/text"
  packages = ["collate","collate/build","internal/colltab","internal/gen","internal/tag","internal/triegen","internal/ucd","language","secure/bidirule","transform","unicode/bidi","unicode/cldr","unicode/norm","unicode/rangetable"]
  revision = "d5a9226ed7dd70cade6ccae9d37517fe14dd9fee"

[[projects]]
  branch = "master"
  name = "google.golang.org/genproto"
  packages = ["googleapis/rpc/status"]
  revision = "a8101f21cf983e773d0c1133ebc5424792003214"

[[projects]]
  name = "google.golang.org/grpc"
  packages = [".","balancer","balancer/roundrobin","codes","connectivity","credentials","encoding","grpclb/grpc_lb_v1/messages","grpclog","health","health/grpc_health_v1","internal","keepalive","metadata","naming","peer","resolver","resolver/dns","resolver/passthrough","stats","status","tap","transport"]
  revision = "5a9f7b402fe85096d2e1d0383435ee1876e863d0"

[solve-meta]
  analyzer-name = "dep"
  analyzer-version = 1
  inputs-digest = "867bb0707c46c3dd5a85779ac560eeadc8dca53a29e5c0cadcb92631836a2565"
  solver-name = "gps-cdcl"
  solver-version = 1
